
Microsoft Visual Studio Solution File, Format Version 12.00
# Visual Studio Version 17
VisualStudioVersion = 17.0.31512.422
MinimumVisualStudioVersion = 10.0.40219.1
Project("{2150E333-8FDC-42A3-9474-1A3956D46DE8}") = "SharedKernel", "SharedKernel", "{8285141C-6B84-4038-ADEF-0D5E40815D6D}"
EndProject
Project("{2150E333-8FDC-42A3-9474-1A3956D46DE8}") = "LivroDeOfertas", "LivroDeOfertas", "{953F2CD3-FE60-4077-BC9F-4DFBB1214EB5}"
EndProject
Project("{2150E333-8FDC-42A3-9474-1A3956D46DE8}") = "Orderns", "Orderns", "{62F1C36B-B95F-4621-883E-40FAA2F2FF4C}"
EndProject
Project("{9A19103F-16F7-4668-BE54-9A1E7A4F7556}") = "Dominio", "Dominio\Dominio.csproj", "{8DB08808-8CDE-4A2F-910D-3C26C7BE6D6F}"
EndProject
Project("{2150E333-8FDC-42A3-9474-1A3956D46DE8}") = "API", "API", "{F036F611-E27D-4D44-96DB-313EC8F744D1}"
EndProject
Project("{2150E333-8FDC-42A3-9474-1A3956D46DE8}") = "Application", "Application", "{A28D78D3-B878-4BE7-8266-02887503F569}"
EndProject
Project("{2150E333-8FDC-42A3-9474-1A3956D46DE8}") = "Infra", "Infra", "{FEC1051C-4958-4AF6-A65E-ADFC6A4FE1A1}"
EndProject
Project("{9A19103F-16F7-4668-BE54-9A1E7A4F7556}") = "Ordens.Application", "Ordens.Application\Ordens.Application.csproj", "{4CAFF3D3-26EC-4794-86A8-039BA271CD4B}"
EndProject
Project("{2150E333-8FDC-42A3-9474-1A3956D46DE8}") = "Dominio", "Dominio", "{D8CCEA00-D79C-4EAD-9327-114C059CD686}"
EndProject
Project("{9A19103F-16F7-4668-BE54-9A1E7A4F7556}") = "Ordens.Dominio", "Ordens.Dominio\Ordens.Dominio.csproj", "{4AEEB5A5-4DB1-4F6D-B8A2-3E083E67579D}"
	ProjectSection(ProjectDependencies) = postProject
		{8DB08808-8CDE-4A2F-910D-3C26C7BE6D6F} = {8DB08808-8CDE-4A2F-910D-3C26C7BE6D6F}
	EndProjectSection
EndProject
Project("{9A19103F-16F7-4668-BE54-9A1E7A4F7556}") = "Ordens.Infra.CrossCutting.IoC", "Ordens.Infra.CrossCutting.IoC\Ordens.Infra.CrossCutting.IoC.csproj", "{D3A3E5EF-0838-48C9-8117-1CA1D990E45C}"
EndProject
Project("{9A19103F-16F7-4668-BE54-9A1E7A4F7556}") = "Ordens.API", "Ordens.API\Ordens.API.csproj", "{217CECE1-E1FE-4AC0-BF6D-B8E6BB9D77F9}"
EndProject
Project("{FAE04EC0-301F-11D3-BF4B-00C04F79EFBC}") = "SharedKernel.Infra.Data", "SharedKernel.Infra.Data\SharedKernel.Infra.Data.csproj", "{780BD1F6-7C1A-4F81-BAAB-CFC3255AE60D}"
EndProject
Project("{FAE04EC0-301F-11D3-BF4B-00C04F79EFBC}") = "SharedKernel.Infra.CrossCutting.IoC", "SharedKernel.Infra.CrossCutting.IoC\SharedKernel.Infra.CrossCutting.IoC.csproj", "{CB43EC8F-1C4E-46E1-A5A1-0501D07CBBB5}"
EndProject
Global
	GlobalSection(SolutionConfigurationPlatforms) = preSolution
		Debug|Any CPU = Debug|Any CPU
		Release|Any CPU = Release|Any CPU
	EndGlobalSection
	GlobalSection(ProjectConfigurationPlatforms) = postSolution
		{8DB08808-8CDE-4A2F-910D-3C26C7BE6D6F}.Debug|Any CPU.ActiveCfg = Debug|Any CPU
		{8DB08808-8CDE-4A2F-910D-3C26C7BE6D6F}.Debug|Any CPU.Build.0 = Debug|Any CPU
		{8DB08808-8CDE-4A2F-910D-3C26C7BE6D6F}.Release|Any CPU.ActiveCfg = Release|Any CPU
		{8DB08808-8CDE-4A2F-910D-3C26C7BE6D6F}.Release|Any CPU.Build.0 = Release|Any CPU
		{4CAFF3D3-26EC-4794-86A8-039BA271CD4B}.Debug|Any CPU.ActiveCfg = Debug|Any CPU
		{4CAFF3D3-26EC-4794-86A8-039BA271CD4B}.Debug|Any CPU.Build.0 = Debug|Any CPU
		{4CAFF3D3-26EC-4794-86A8-039BA271CD4B}.Release|Any CPU.ActiveCfg = Release|Any CPU
		{4CAFF3D3-26EC-4794-86A8-039BA271CD4B}.Release|Any CPU.Build.0 = Release|Any CPU
		{4AEEB5A5-4DB1-4F6D-B8A2-3E083E67579D}.Debug|Any CPU.ActiveCfg = Debug|Any CPU
		{4AEEB5A5-4DB1-4F6D-B8A2-3E083E67579D}.Debug|Any CPU.Build.0 = Debug|Any CPU
		{4AEEB5A5-4DB1-4F6D-B8A2-3E083E67579D}.Release|Any CPU.ActiveCfg = Release|Any CPU
		{4AEEB5A5-4DB1-4F6D-B8A2-3E083E67579D}.Release|Any CPU.Build.0 = Release|Any CPU
		{D3A3E5EF-0838-48C9-8117-1CA1D990E45C}.Debug|Any CPU.ActiveCfg = Debug|Any CPU
		{D3A3E5EF-0838-48C9-8117-1CA1D990E45C}.Debug|Any CPU.Build.0 = Debug|Any CPU
		{D3A3E5EF-0838-48C9-8117-1CA1D990E45C}.Release|Any CPU.ActiveCfg = Release|Any CPU
		{D3A3E5EF-0838-48C9-8117-1CA1D990E45C}.Release|Any CPU.Build.0 = Release|Any CPU
		{217CECE1-E1FE-4AC0-BF6D-B8E6BB9D77F9}.Debug|Any CPU.ActiveCfg = Debug|Any CPU
		{217CECE1-E1FE-4AC0-BF6D-B8E6BB9D77F9}.Debug|Any CPU.Build.0 = Debug|Any CPU
		{217CECE1-E1FE-4AC0-BF6D-B8E6BB9D77F9}.Release|Any CPU.ActiveCfg = Release|Any CPU
		{217CECE1-E1FE-4AC0-BF6D-B8E6BB9D77F9}.Release|Any CPU.Build.0 = Release|Any CPU
		{780BD1F6-7C1A-4F81-BAAB-CFC3255AE60D}.Debug|Any CPU.ActiveCfg = Debug|Any CPU
		{780BD1F6-7C1A-4F81-BAAB-CFC3255AE60D}.Debug|Any CPU.Build.0 = Debug|Any CPU
		{780BD1F6-7C1A-4F81-BAAB-CFC3255AE60D}.Release|Any CPU.ActiveCfg = Release|Any CPU
		{780BD1F6-7C1A-4F81-BAAB-CFC3255AE60D}.Release|Any CPU.Build.0 = Release|Any CPU
		{CB43EC8F-1C4E-46E1-A5A1-0501D07CBBB5}.Debug|Any CPU.ActiveCfg = Debug|Any CPU
		{CB43EC8F-1C4E-46E1-A5A1-0501D07CBBB5}.Debug|Any CPU.Build.0 = Debug|Any CPU
		{CB43EC8F-1C4E-46E1-A5A1-0501D07CBBB5}.Release|Any CPU.ActiveCfg = Release|Any CPU
		{CB43EC8F-1C4E-46E1-A5A1-0501D07CBBB5}.Release|Any CPU.Build.0 = Release|Any CPU
	EndGlobalSection
	GlobalSection(SolutionProperties) = preSolution
		HideSolutionNode = FALSE
	EndGlobalSection
	GlobalSection(NestedProjects) = preSolution
		{8DB08808-8CDE-4A2F-910D-3C26C7BE6D6F} = {8285141C-6B84-4038-ADEF-0D5E40815D6D}
		{F036F611-E27D-4D44-96DB-313EC8F744D1} = {62F1C36B-B95F-4621-883E-40FAA2F2FF4C}
		{A28D78D3-B878-4BE7-8266-02887503F569} = {62F1C36B-B95F-4621-883E-40FAA2F2FF4C}
		{FEC1051C-4958-4AF6-A65E-ADFC6A4FE1A1} = {62F1C36B-B95F-4621-883E-40FAA2F2FF4C}
		{4CAFF3D3-26EC-4794-86A8-039BA271CD4B} = {A28D78D3-B878-4BE7-8266-02887503F569}
		{D8CCEA00-D79C-4EAD-9327-114C059CD686} = {62F1C36B-B95F-4621-883E-40FAA2F2FF4C}
		{4AEEB5A5-4DB1-4F6D-B8A2-3E083E67579D} = {D8CCEA00-D79C-4EAD-9327-114C059CD686}
		{D3A3E5EF-0838-48C9-8117-1CA1D990E45C} = {FEC1051C-4958-4AF6-A65E-ADFC6A4FE1A1}
		{217CECE1-E1FE-4AC0-BF6D-B8E6BB9D77F9} = {F036F611-E27D-4D44-96DB-313EC8F744D1}
		{780BD1F6-7C1A-4F81-BAAB-CFC3255AE60D} = {8285141C-6B84-4038-ADEF-0D5E40815D6D}
		{CB43EC8F-1C4E-46E1-A5A1-0501D07CBBB5} = {8285141C-6B84-4038-ADEF-0D5E40815D6D}
	EndGlobalSection
	GlobalSection(ExtensibilityGlobals) = postSolution
		SolutionGuid = {341EDB23-A868-48C7-B50C-CE941EBE76ED}
	EndGlobalSection
EndGlobal
